
Microsoft Visual Studio Solution File, Format Version 12.00
# Visual Studio Version 16
VisualStudioVersion = 16.0.31112.23
MinimumVisualStudioVersion = 10.0.40219.1
Project("{9A19103F-16F7-4668-BE54-9A1E7A4F7556}") = "AtomicAssetsApi", "AtomicAssetsApi\AtomicAssetsApi.csproj", "{9EB1E75E-544C-4968-B97C-F37138941B45}"
EndProject
Project("{9A19103F-16F7-4668-BE54-9A1E7A4F7556}") = "AtomicAssetsApi.Core", "AtomicAssetsApi.Core\AtomicAssetsApi.Core.csproj", "{81AA0A8D-10A1-4874-8DB9-4BC222CFCA5C}"
EndProject
Project("{9A19103F-16F7-4668-BE54-9A1E7A4F7556}") = "AtomicAssetsApi.Core.Tests", "AtomicAssetsApi.CoreTests\AtomicAssetsApi.Core.Tests.csproj", "{1DA7045C-1D66-452B-824D-C331DF07447A}"
EndProject
Global
	GlobalSection(SolutionConfigurationPlatforms) = preSolution
		Debug|Any CPU = Debug|Any CPU
		Release|Any CPU = Release|Any CPU
	EndGlobalSection
	GlobalSection(ProjectConfigurationPlatforms) = postSolution
		{9EB1E75E-544C-4968-B97C-F37138941B45}.Debug|Any CPU.ActiveCfg = Debug|Any CPU
		{9EB1E75E-544C-4968-B97C-F37138941B45}.Debug|Any CPU.Build.0 = Debug|Any CPU
		{9EB1E75E-544C-4968-B97C-F37138941B45}.Release|Any CPU.ActiveCfg = Release|Any CPU
		{9EB1E75E-544C-4968-B97C-F37138941B45}.Release|Any CPU.Build.0 = Release|Any CPU
		{81AA0A8D-10A1-4874-8DB9-4BC222CFCA5C}.Debug|Any CPU.ActiveCfg = Debug|Any CPU
		{81AA0A8D-10A1-4874-8DB9-4BC222CFCA5C}.Debug|Any CPU.Build.0 = Debug|Any CPU
		{81AA0A8D-10A1-4874-8DB9-4BC222CFCA5C}.Release|Any CPU.ActiveCfg = Release|Any CPU
		{81AA0A8D-10A1-4874-8DB9-4BC222CFCA5C}.Release|Any CPU.Build.0 = Release|Any CPU
		{1DA7045C-1D66-452B-824D-C331DF07447A}.Debug|Any CPU.ActiveCfg = Debug|Any CPU
		{1DA7045C-1D66-452B-824D-C331DF07447A}.Debug|Any CPU.Build.0 = Debug|Any CPU
		{1DA7045C-1D66-452B-824D-C331DF07447A}.Release|Any CPU.ActiveCfg = Release|Any CPU
		{1DA7045C-1D66-452B-824D-C331DF07447A}.Release|Any CPU.Build.0 = Release|Any CPU
	EndGlobalSection
	GlobalSection(SolutionProperties) = preSolution
		HideSolutionNode = FALSE
	EndGlobalSection
	GlobalSection(ExtensibilityGlobals) = postSolution
		SolutionGuid = {AFE7E4C2-5C71-4316-94A5-8937A7ED28B6}
	EndGlobalSection
EndGlobal
